<?xml version="1.0" encoding="utf-8"?>
<Project ToolsVersion="4.0" xmlns="http://schemas.microsoft.com/developer/msbuild/2003">
  <ItemGroup>
    <Filter Include="源文件">
      <UniqueIdentifier>{4FC737F1-C7A5-4376-A066-2A32D752A2FF}</UniqueIdentifier>
      <Extensions>cpp;c;cc;cxx;def;odl;idl;hpj;bat;asm;asmx</Extensions>
    </Filter>
    <Filter Include="头文件">
      <UniqueIdentifier>{93995380-89BD-4b04-88EB-625FBE52EBFB}</UniqueIdentifier>
      <Extensions>h;hh;hpp;hxx;hm;inl;inc;xsd</Extensions>
    </Filter>
    <Filter Include="资源文件">
      <UniqueIdentifier>{67DA6AB6-F800-4c08-8B7A-83BB121AAD01}</UniqueIdentifier>
      <Extensions>rc;ico;cur;bmp;dlg;rc2;rct;bin;rgs;gif;jpg;jpeg;jpe;resx;tiff;tif;png;wav;mfcribbon-ms</Extensions>
    </Filter>
  </ItemGroup>
  <ItemGroup>
    <Text Include="ReadMe.txt" />
  </ItemGroup>
  <ItemGroup>
    <ClInclude Include="KbDbms.h">
      <Filter>头文件</Filter>
    </ClInclude>
    <ClInclude Include="KbDbmsDlg.h">
      <Filter>头文件</Filter>
    </ClInclude>
    <ClInclude Include="stdafx.h">
      <Filter>头文件</Filter>
    </ClInclude>
    <ClInclude Include="targetver.h">
      <Filter>头文件</Filter>
    </ClInclude>
    <ClInclude Include="Resource.h">
      <Filter>头文件</Filter>
    </ClInclude>
    <ClInclude Include="create_database_dialog.h">
      <Filter>头文件</Filter>
    </ClInclude>
    <ClInclude Include="database_operation.h">
      <Filter>头文件</Filter>
    </ClInclude>
    <ClInclude Include="Tree_operation.h">
      <Filter>头文件</Filter>
    </ClInclude>
    <ClInclude Include="about_dialog.h">
      <Filter>头文件</Filter>
    </ClInclude>
    <ClInclude Include="DropTable.h">
      <Filter>头文件</Filter>
    </ClInclude>
    <ClInclude Include="TableCreate.h">
      <Filter>头文件</Filter>
    </ClInclude>
    <ClInclude Include="MyGloble.h">
      <Filter>头文件</Filter>
    </ClInclude>
    <ClInclude Include="Add_field_dialog.h">
      <Filter>头文件</Filter>
    </ClInclude>
    <ClInclude Include="log.h">
      <Filter>头文件</Filter>
    </ClInclude>
    <ClInclude Include="Drop_Table.h">
      <Filter>头文件</Filter>
    </ClInclude>
    <ClInclude Include="DropField.h">
      <Filter>头文件</Filter>
    </ClInclude>
    <ClInclude Include="Modify_Field.h">
      <Filter>头文件</Filter>
    </ClInclude>
    <ClInclude Include="InsertRecord.h">
      <Filter>头文件</Filter>
    </ClInclude>
  </ItemGroup>
  <ItemGroup>
    <ClCompile Include="KbDbms.cpp">
      <Filter>源文件</Filter>
    </ClCompile>
    <ClCompile Include="KbDbmsDlg.cpp">
      <Filter>源文件</Filter>
    </ClCompile>
    <ClCompile Include="stdafx.cpp">
      <Filter>源文件</Filter>
    </ClCompile>
    <ClCompile Include="create_database_dialog.cpp">
      <Filter>源文件</Filter>
    </ClCompile>
    <ClCompile Include="database_operation.cpp">
      <Filter>源文件</Filter>
    </ClCompile>
    <ClCompile Include="Tree_operation.cpp">
      <Filter>源文件</Filter>
    </ClCompile>
    <ClCompile Include="about_dialog.cpp">
      <Filter>源文件</Filter>
    </ClCompile>
    <ClCompile Include="DropTable.cpp">
      <Filter>源文件</Filter>
    </ClCompile>
    <ClCompile Include="TableCreate.cpp">
      <Filter>源文件</Filter>
    </ClCompile>
    <ClCompile Include="MyGloble.cpp">
      <Filter>源文件</Filter>
    </ClCompile>
    <ClCompile Include="Add_field_dialog.cpp">
      <Filter>源文件</Filter>
    </ClCompile>
    <ClCompile Include="log.cpp">
      <Filter>源文件</Filter>
    </ClCompile>
    <ClCompile Include="Drop_Table.cpp">
      <Filter>源文件</Filter>
    </ClCompile>
    <ClCompile Include="DropField.cpp">
      <Filter>源文件</Filter>
    </ClCompile>
    <ClCompile Include="Modify_Field.cpp">
      <Filter>源文件</Filter>
    </ClCompile>
    <ClCompile Include="InsertRecord.cpp">
      <Filter>源文件</Filter>
    </ClCompile>
  </ItemGroup>
  <ItemGroup>
    <ResourceCompile Include="KbDbms.rc">
      <Filter>资源文件</Filter>
    </ResourceCompile>
  </ItemGroup>
  <ItemGroup>
    <None Include="res\KbDbms.rc2">
      <Filter>资源文件</Filter>
    </None>
    <None Include="ClassDiagram.cd" />
  </ItemGroup>
  <ItemGroup>
    <Image Include="res\KbDbms.ico">
      <Filter>资源文件</Filter>
    </Image>
    <Image Include="res\toolbar1.bmp">
      <Filter>资源文件</Filter>
    </Image>
    <Image Include="res\bitmap1.bmp">
      <Filter>资源文件</Filter>
    </Image>
    <Image Include="res\toolbar2.bmp">
      <Filter>资源文件</Filter>
    </Image>
    <Image Include="res\bitmap2.bmp">
      <Filter>资源文件</Filter>
    </Image>
    <Image Include="C:\Users\lenovo\Desktop\files.png">
      <Filter>资源文件</Filter>
    </Image>
    <Image Include="C:\Users\lenovo\Desktop\table.png">
      <Filter>资源文件</Filter>
    </Image>
    <Image Include="C:\Users\lenovo\Desktop\database.png">
      <Filter>资源文件</Filter>
    </Image>
    <Image Include="res\icon1.ico">
      <Filter>资源文件</Filter>
    </Image>
    <Image Include="res\database.png">
      <Filter>资源文件</Filter>
    </Image>
    <Image Include="res\files.png">
      <Filter>资源文件</Filter>
    </Image>
    <Image Include="res\table.png">
      <Filter>资源文件</Filter>
    </Image>
    <Image Include="C:\Users\lenovo\Desktop\表格.png">
      <Filter>资源文件</Filter>
    </Image>
    <Image Include="C:\Users\lenovo\Desktop\列.png">
      <Filter>资源文件</Filter>
    </Image>
    <Image Include="C:\Users\lenovo\Desktop\文件本.png">
      <Filter>资源文件</Filter>
    </Image>
  </ItemGroup>
</Project>